<?xml version="1.0" encoding="utf-8"?>
<Project ToolsVersion="4.0" xmlns="http://schemas.microsoft.com/developer/msbuild/2003">
  <ItemGroup>
    <ClCompile Include="CustomKeyboard.cpp" />
    <ClCompile Include="stdafx.cpp" />
    <ClCompile Include="Layers\Cycle.cpp">
      <Filter>Layers</Filter>
    </ClCompile>
    <ClCompile Include="Color.cpp" />
    <ClCompile Include="LogitechLEDLib.cpp" />
    <ClCompile Include="Layers\Echo.cpp">
      <Filter>Layers</Filter>
    </ClCompile>
    <ClCompile Include="ProfileColor.cpp" />
    <ClCompile Include="Layers\Fill.cpp">
      <Filter>Layers</Filter>
    </ClCompile>
    <ClCompile Include="Macro.cpp" />
    <ClCompile Include="Profile.cpp" />
  </ItemGroup>
  <ItemGroup>
    <ClInclude Include="CustomKeyboard.h" />
    <ClInclude Include="PolicyConfig.h" />
    <ClInclude Include="stdafx.h" />
    <ClInclude Include="targetver.h" />
    <ClInclude Include="Layers\Layer.h">
      <Filter>Layers</Filter>
    </ClInclude>
    <ClInclude Include="Layers\Cycle.h">
      <Filter>Layers</Filter>
    </ClInclude>
    <ClInclude Include="Color.h" />
    <ClInclude Include="Layers\Echo.h">
      <Filter>Layers</Filter>
    </ClInclude>
    <ClInclude Include="LogitechLEDLib.h" />
    <ClInclude Include="ProfileColor.h" />
    <ClInclude Include="Layers\Fill.h">
      <Filter>Layers</Filter>
    </ClInclude>
    <ClInclude Include="Macro.h" />
    <ClInclude Include="Profile.h" />
    <ClInclude Include="Safety.h" />
    <ClInclude Include="resource.h" />
  </ItemGroup>
  <ItemGroup>
    <Filter Include="Layers">
      <UniqueIdentifier>{45a26272-ba5f-4d09-8de7-0f4e49c51423}</UniqueIdentifier>
    </Filter>
  </ItemGroup>
  <ItemGroup>
    <ResourceCompile Include="CustomKeyboard.rc" />
  </ItemGroup>
  <ItemGroup>
    <Image Include="Resources\kb_med.ico" />
  </ItemGroup>
</Project>